
Microsoft Visual Studio Solution File, Format Version 12.00
# Visual Studio Version 17
VisualStudioVersion = 17.13.35828.75 d17.13
MinimumVisualStudioVersion = 10.0.40219.1
Project("{FAE04EC0-301F-11D3-BF4B-00C04F79EFBC}") = "LINQ", "LINQ\LINQ.csproj", "{7D2FA269-5750-4576-8228-0DDAB3ED5908}"
EndProject
Global
	GlobalSection(SolutionConfigurationPlatforms) = preSolution
		Debug|Any CPU = Debug|Any CPU
		Release|Any CPU = Release|Any CPU
	EndGlobalSection
	GlobalSection(ProjectConfigurationPlatforms) = postSolution
		{7D2FA269-5750-4576-8228-0DDAB3ED5908}.Debug|Any CPU.ActiveCfg = Debug|Any CPU
		{7D2FA269-5750-4576-8228-0DDAB3ED5908}.Debug|Any CPU.Build.0 = Debug|Any CPU
		{7D2FA269-5750-4576-8228-0DDAB3ED5908}.Release|Any CPU.ActiveCfg = Release|Any CPU
		{7D2FA269-5750-4576-8228-0DDAB3ED5908}.Release|Any CPU.Build.0 = Release|Any CPU
	EndGlobalSection
	GlobalSection(SolutionProperties) = preSolution
		HideSolutionNode = FALSE
	EndGlobalSection
	GlobalSection(ExtensibilityGlobals) = postSolution
		SolutionGuid = {E67D531E-E8AA-495B-9BE5-46098F7DB4A9}
	EndGlobalSection
EndGlobal
