
Microsoft Visual Studio Solution File, Format Version 12.00
# Visual Studio Version 17
VisualStudioVersion = 17.13.35828.75 d17.13
MinimumVisualStudioVersion = 10.0.40219.1
Project("{FAE04EC0-301F-11D3-BF4B-00C04F79EFBC}") = "ArraySortNames", "ArraySortNames\ArraySortNames.csproj", "{A8EAFE50-AF4D-4A04-B954-975492B8E236}"
EndProject
Global
	GlobalSection(SolutionConfigurationPlatforms) = preSolution
		Debug|Any CPU = Debug|Any CPU
		Release|Any CPU = Release|Any CPU
	EndGlobalSection
	GlobalSection(ProjectConfigurationPlatforms) = postSolution
		{A8EAFE50-AF4D-4A04-B954-975492B8E236}.Debug|Any CPU.ActiveCfg = Debug|Any CPU
		{A8EAFE50-AF4D-4A04-B954-975492B8E236}.Debug|Any CPU.Build.0 = Debug|Any CPU
		{A8EAFE50-AF4D-4A04-B954-975492B8E236}.Release|Any CPU.ActiveCfg = Release|Any CPU
		{A8EAFE50-AF4D-4A04-B954-975492B8E236}.Release|Any CPU.Build.0 = Release|Any CPU
	EndGlobalSection
	GlobalSection(SolutionProperties) = preSolution
		HideSolutionNode = FALSE
	EndGlobalSection
	GlobalSection(ExtensibilityGlobals) = postSolution
		SolutionGuid = {5EE60FCE-B980-4625-AB8F-D57532CAD94E}
	EndGlobalSection
EndGlobal
